
Microsoft Visual Studio Solution File, Format Version 12.00
# Visual Studio Version 17
VisualStudioVersion = 17.5.002.0
MinimumVisualStudioVersion = 10.0.40219.1
Project("{9A19103F-16F7-4668-BE54-9A1E7A4F7556}") = "eTickets", "eTickets.csproj", "{70DCBFF9-E594-41B5-AA59-38746533835A}"
EndProject
Global
	GlobalSection(SolutionConfigurationPlatforms) = preSolution
		Debug|Any CPU = Debug|Any CPU
		Release|Any CPU = Release|Any CPU
	EndGlobalSection
	GlobalSection(ProjectConfigurationPlatforms) = postSolution
		{70DCBFF9-E594-41B5-AA59-38746533835A}.Debug|Any CPU.ActiveCfg = Debug|Any CPU
		{70DCBFF9-E594-41B5-AA59-38746533835A}.Debug|Any CPU.Build.0 = Debug|Any CPU
		{70DCBFF9-E594-41B5-AA59-38746533835A}.Release|Any CPU.ActiveCfg = Release|Any CPU
		{70DCBFF9-E594-41B5-AA59-38746533835A}.Release|Any CPU.Build.0 = Release|Any CPU
	EndGlobalSection
	GlobalSection(SolutionProperties) = preSolution
		HideSolutionNode = FALSE
	EndGlobalSection
	GlobalSection(ExtensibilityGlobals) = postSolution
		SolutionGuid = {4D676383-912D-477B-BB43-27A97C615D1D}
	EndGlobalSection
EndGlobal
